
Microsoft Visual Studio Solution File, Format Version 12.00
# Visual Studio Version 17
VisualStudioVersion = 17.0.31919.166
MinimumVisualStudioVersion = 10.0.40219.1
Project("{FAE04EC0-301F-11D3-BF4B-00C04F79EFBC}") = "ExamusClipper", "ExamusClipper\ExamusClipper.csproj", "{8B374D01-0727-4940-AB86-E0256A636525}"
EndProject
Global
	GlobalSection(SolutionConfigurationPlatforms) = preSolution
		Debug|Any CPU = Debug|Any CPU
		Release|Any CPU = Release|Any CPU
	EndGlobalSection
	GlobalSection(ProjectConfigurationPlatforms) = postSolution
		{8B374D01-0727-4940-AB86-E0256A636525}.Debug|Any CPU.ActiveCfg = Debug|Any CPU
		{8B374D01-0727-4940-AB86-E0256A636525}.Debug|Any CPU.Build.0 = Debug|Any CPU
		{8B374D01-0727-4940-AB86-E0256A636525}.Release|Any CPU.ActiveCfg = Release|Any CPU
		{8B374D01-0727-4940-AB86-E0256A636525}.Release|Any CPU.Build.0 = Release|Any CPU
	EndGlobalSection
	GlobalSection(SolutionProperties) = preSolution
		HideSolutionNode = FALSE
	EndGlobalSection
	GlobalSection(ExtensibilityGlobals) = postSolution
		SolutionGuid = {F367BDA9-6EDB-4F1C-9F9A-3DF25C26B130}
	EndGlobalSection
EndGlobal
